// !$*UTF8*$!
{
	archiveVersion = 1;
	classes = {
	};
	objectVersion = 46;
	objects = {

/* Begin PBXBuildFile section */
		1A85DC241AE2228900C0FCBF /* main.m in Sources */ = {isa = PBXBuildFile; fileRef = 1A85DC231AE2228900C0FCBF /* main.m */; };
		1A85DC271AE2228900C0FCBF /* AppDelegate.m in Sources */ = {isa = PBXBuildFile; fileRef = 1A85DC261AE2228900C0FCBF /* AppDelegate.m */; };
		1A85DC2A1AE2228900C0FCBF /* ViewController.m in Sources */ = {isa = PBXBuildFile; fileRef = 1A85DC291AE2228900C0FCBF /* ViewController.m */; };
		1A85DC2D1AE2228900C0FCBF /* Main.storyboard in Resources */ = {isa = PBXBuildFile; fileRef = 1A85DC2B1AE2228900C0FCBF /* Main.storyboard */; };
		1A85DC2F1AE2228900C0FCBF /* Images.xcassets in Resources */ = {isa = PBXBuildFile; fileRef = 1A85DC2E1AE2228900C0FCBF /* Images.xcassets */; };
		1A85DC321AE2228900C0FCBF /* LaunchScreen.xib in Resources */ = {isa = PBXBuildFile; fileRef = 1A85DC301AE2228900C0FCBF /* LaunchScreen.xib */; };
		1A85DC3E1AE2228900C0FCBF /* aprilTests.m in Sources */ = {isa = PBXBuildFile; fileRef = 1A85DC3D1AE2228900C0FCBF /* aprilTests.m */; };
/* End PBXBuildFile section */

/* Begin PBXContainerItemProxy section */
		1A85DC381AE2228900C0FCBF /* PBXContainerItemProxy */ = {
			isa = PBXContainerItemProxy;
			containerPortal = 1A85DC161AE2228900C0FCBF /* Project object */;
			proxyType = 1;
			remoteGlobalIDString = 1A85DC1D1AE2228900C0FCBF;
			remoteInfo = april;
		};
/* End PBXContainerItemProxy section */

/* Begin PBXFileReference section */
		1A85DC1E1AE2228900C0FCBF /* april.app */ = {isa = PBXFileReference; explicitFileType = wrapper.application; includeInIndex = 0; path = april.app; sourceTree = BUILT_PRODUCTS_DIR; };
		1A85DC221AE2228900C0FCBF /* Info.plist */ = {isa = PBXFileReference; lastKnownFileType = text.plist.xml; path = Info.plist; sourceTree = "<group>"; };
		1A85DC231AE2228900C0FCBF /* main.m */ = {isa = PBXFileReference; lastKnownFileType = sourcecode.c.objc; path = main.m; sourceTree = "<group>"; };
		1A85DC251AE2228900C0FCBF /* AppDelegate.h */ = {isa = PBXFileReference; lastKnownFileType = sourcecode.c.h; path = AppDelegate.h; sourceTree = "<group>"; };
		1A85DC261AE2228900C0FCBF /* AppDelegate.m */ = {isa = PBXFileReference; lastKnownFileType = sourcecode.c.objc; path = AppDelegate.m; sourceTree = "<group>"; };
		1A85DC281AE2228900C0FCBF /* ViewController.h */ = {isa = PBXFileReference; lastKnownFileType = sourcecode.c.h; path = ViewController.h; sourceTree = "<group>"; };
		1A85DC291AE2228900C0FCBF /* ViewController.m */ = {isa = PBXFileReference; lastKnownFileType = sourcecode.c.objc; path = ViewController.m; sourceTree = "<group>"; };
		1A85DC2C1AE2228900C0FCBF /* Base */ = {isa = PBXFileReference; lastKnownFileType = file.storyboard; name = Base; path = Base.lproj/Main.storyboard; sourceTree = "<group>"; };
		1A85DC2E1AE2228900C0FCBF /* Images.xcassets */ = {isa = PBXFileReference; lastKnownFileType = folder.assetcatalog; path = Images.xcassets; sourceTree = "<group>"; };
		1A85DC311AE2228900C0FCBF /* Base */ = {isa = PBXFileReference; lastKnownFileType = file.xib; name = Base; path = Base.lproj/LaunchScreen.xib; sourceTree = "<group>"; };
		1A85DC371AE2228900C0FCBF /* aprilTests.xctest */ = {isa = PBXFileReference; explicitFileType = wrapper.cfbundle; includeInIndex = 0; path = aprilTests.xctest; sourceTree = BUILT_PRODUCTS_DIR; };
		1A85DC3C1AE2228900C0FCBF /* Info.plist */ = {isa = PBXFileReference; lastKnownFileType = text.plist.xml; path = Info.plist; sourceTree = "<group>"; };
		1A85DC3D1AE2228900C0FCBF /* aprilTests.m */ = {isa = PBXFileReference; lastKnownFileType = sourcecode.c.objc; path = aprilTests.m; sourceTree = "<group>"; };
/* End PBXFileReference section */

/* Begin PBXFrameworksBuildPhase section */
		1A85DC1B1AE2228900C0FCBF /* Frameworks */ = {
			isa = PBXFrameworksBuildPhase;
			buildActionMask = 2147483647;
			files = (
			);
			runOnlyForDeploymentPostprocessing = 0;
		};
		1A85DC341AE2228900C0FCBF /* Frameworks */ = {
			isa = PBXFrameworksBuildPhase;
			buildActionMask = 2147483647;
			files = (
			);
			runOnlyForDeploymentPostprocessing = 0;
		};
/* End PBXFrameworksBuildPhase section */

/* Begin PBXGroup section */
		1A85DC151AE2228900C0FCBF = {
			isa = PBXGroup;
			children = (
				1A85DC201AE2228900C0FCBF /* april */,
				1A85DC3A1AE2228900C0FCBF /* aprilTests */,
				1A85DC1F1AE2228900C0FCBF /* Products */,
			);
			sourceTree = "<group>";
		};
		1A85DC1F1AE2228900C0FCBF /* Products */ = {
			isa = PBXGroup;
			children = (
				1A85DC1E1AE2228900C0FCBF /* april.app */,
				1A85DC371AE2228900C0FCBF /* aprilTests.xctest */,
			);
			name = Products;
			sourceTree = "<group>";
		};
		1A85DC201AE2228900C0FCBF /* april */ = {
			isa = PBXGroup;
			children = (
				1A85DC251AE2228900C0FCBF /* AppDelegate.h */,
				1A85DC261AE2228900C0FCBF /* AppDelegate.m */,
				1A85DC281AE2228900C0FCBF /* ViewController.h */,
				1A85DC291AE2228900C0FCBF /* ViewController.m */,
				1A85DC2B1AE2228900C0FCBF /* Main.storyboard */,
				1A85DC2E1AE2228900C0FCBF /* Images.xcassets */,
				1A85DC301AE2228900C0FCBF /* LaunchScreen.xib */,
				1A85DC211AE2228900C0FCBF /* Supporting Files */,
			);
			path = april;
			sourceTree = "<group>";
		};
		1A85DC211AE2228900C0FCBF /* Supporting Files */ = {
			isa = PBXGroup;
			children = (
				1A85DC221AE2228900C0FCBF /* Info.plist */,
				1A85DC231AE2228900C0FCBF /* main.m */,
			);
			name = "Supporting Files";
			sourceTree = "<group>";
		};
		1A85DC3A1AE2228900C0FCBF /* aprilTests */ = {
			isa = PBXGroup;
			children = (
				1A85DC3D1AE2228900C0FCBF /* aprilTests.m */,
				1A85DC3B1AE2228900C0FCBF /* Supporting Files */,
			);
			path = aprilTests;
			sourceTree = "<group>";
		};
		1A85DC3B1AE2228900C0FCBF /* Supporting Files */ = {
			isa = PBXGroup;
			children = (
				1A85DC3C1AE2228900C0FCBF /* Info.plist */,
			);
			name = "Supporting Files";
			sourceTree = "<group>";
		};
/* End PBXGroup section */

/* Begin PBXNativeTarget section */
		1A85DC1D1AE2228900C0FCBF /* april */ = {
			isa = PBXNativeTarget;
			buildConfigurationList = 1A85DC411AE2228900C0FCBF /* Build configuration list for PBXNativeTarget "april" */;
			buildPhases = (
				1A85DC1A1AE2228900C0FCBF /* Sources */,
				1A85DC1B1AE2228900C0FCBF /* Frameworks */,
				1A85DC1C1AE2228900C0FCBF /* Resources */,
			);
			buildRules = (
			);
			dependencies = (
			);
			name = april;
			productName = april;
			productReference = 1A85DC1E1AE2228900C0FCBF /* april.app */;
			productType = "com.apple.product-type.application";
		};
		1A85DC361AE2228900C0FCBF /* aprilTests */ = {
			isa = PBXNativeTarget;
			buildConfigurationList = 1A85DC441AE2228900C0FCBF /* Build configuration list for PBXNativeTarget "aprilTests" */;
			buildPhases = (
				1A85DC331AE2228900C0FCBF /* Sources */,
				1A85DC341AE2228900C0FCBF /* Frameworks */,
				1A85DC351AE2228900C0FCBF /* Resources */,
			);
			buildRules = (
			);
			dependencies = (
				1A85DC391AE2228900C0FCBF /* PBXTargetDependency */,
			);
			name = aprilTests;
			productName = aprilTests;
			productReference = 1A85DC371AE2228900C0FCBF /* aprilTests.xctest */;
			productType = "com.apple.product-type.bundle.unit-test";
		};
/* End PBXNativeTarget section */

/* Begin PBXProject section */
		1A85DC161AE2228900C0FCBF /* Project object */ = {
			isa = PBXProject;
			attributes = {
				LastUpgradeCheck = 0610;
				ORGANIZATIONNAME = "Syotaro Shimizu";
				TargetAttributes = {
					1A85DC1D1AE2228900C0FCBF = {
						CreatedOnToolsVersion = 6.1.1;
					};
					1A85DC361AE2228900C0FCBF = {
						CreatedOnToolsVersion = 6.1.1;
						TestTargetID = 1A85DC1D1AE2228900C0FCBF;
					};
				};
			};
			buildConfigurationList = 1A85DC191AE2228900C0FCBF /* Build configuration list for PBXProject "april" */;
			compatibilityVersion = "Xcode 3.2";
			developmentRegion = English;
			hasScannedForEncodings = 0;
			knownRegions = (
				en,
				Base,
			);
			mainGroup = 1A85DC151AE2228900C0FCBF;
			productRefGroup = 1A85DC1F1AE2228900C0FCBF /* Products */;
			projectDirPath = "";
			projectRoot = "";
			targets = (
				1A85DC1D1AE2228900C0FCBF /* april */,
				1A85DC361AE2228900C0FCBF /* aprilTests */,
			);
		};
/* End PBXProject section */

/* Begin PBXResourcesBuildPhase section */
		1A85DC1C1AE2228900C0FCBF /* Resources */ = {
			isa = PBXResourcesBuildPhase;
			buildActionMask = 2147483647;
			files = (
				1A85DC2D1AE2228900C0FCBF /* Main.storyboard in Resources */,
				1A85DC321AE2228900C0FCBF /* LaunchScreen.xib in Resources */,
				1A85DC2F1AE2228900C0FCBF /* Images.xcassets in Resources */,
			);
			runOnlyForDeploymentPostprocessing = 0;
		};
		1A85DC351AE2228900C0FCBF /* Resources */ = {
			isa = PBXResourcesBuildPhase;
			buildActionMask = 2147483647;
			files = (
			);
			runOnlyForDeploymentPostprocessing = 0;
		};
/* End PBXResourcesBuildPhase section */

/* Begin PBXSourcesBuildPhase section */
		1A85DC1A1AE2228900C0FCBF /* Sources */ = {
			isa = PBXSourcesBuildPhase;
			buildActionMask = 2147483647;
			files = (
				1A85DC2A1AE2228900C0FCBF /* ViewController.m in Sources */,
				1A85DC271AE2228900C0FCBF /* AppDelegate.m in Sources */,
				1A85DC241AE2228900C0FCBF /* main.m in Sources */,
			);
			runOnlyForDeploymentPostprocessing = 0;
		};
		1A85DC331AE2228900C0FCBF /* Sources */ = {
			isa = PBXSourcesBuildPhase;
			buildActionMask = 2147483647;
			files = (
				1A85DC3E1AE2228900C0FCBF /* aprilTests.m in Sources */,
			);
			runOnlyForDeploymentPostprocessing = 0;
		};
/* End PBXSourcesBuildPhase section */

/* Begin PBXTargetDependency section */
		1A85DC391AE2228900C0FCBF /* PBXTargetDependency */ = {
			isa = PBXTargetDependency;
			target = 1A85DC1D1AE2228900C0FCBF /* april */;
			targetProxy = 1A85DC381AE2228900C0FCBF /* PBXContainerItemProxy */;
		};
/* End PBXTargetDependency section */

/* Begin PBXVariantGroup section */
		1A85DC2B1AE2228900C0FCBF /* Main.storyboard */ = {
			isa = PBXVariantGroup;
			children = (
				1A85DC2C1AE2228900C0FCBF /* Base */,
			);
			name = Main.storyboard;
			sourceTree = "<group>";
		};
		1A85DC301AE2228900C0FCBF /* LaunchScreen.xib */ = {
			isa = PBXVariantGroup;
			children = (
				1A85DC311AE2228900C0FCBF /* Base */,
			);
			name = LaunchScreen.xib;
			sourceTree = "<group>";
		};
/* End PBXVariantGroup section */

/* Begin XCBuildConfiguration section */
		1A85DC3F1AE2228900C0FCBF /* Debug */ = {
			isa = XCBuildConfiguration;
			buildSettings = {
				ALWAYS_SEARCH_USER_PATHS = NO;
				CLANG_CXX_LANGUAGE_STANDARD = "gnu++0x";
				CLANG_CXX_LIBRARY = "libc++";
				CLANG_ENABLE_MODULES = YES;
				CLANG_ENABLE_OBJC_ARC = YES;
				CLANG_WARN_BOOL_CONVERSION = YES;
				CLANG_WARN_CONSTANT_CONVERSION = YES;
				CLANG_WARN_DIRECT_OBJC_ISA_USAGE = YES_ERROR;
				CLANG_WARN_EMPTY_BODY = YES;
				CLANG_WARN_ENUM_CONVERSION = YES;
				CLANG_WARN_INT_CONVERSION = YES;
				CLANG_WARN_OBJC_ROOT_CLASS = YES_ERROR;
				CLANG_WARN_UNREACHABLE_CODE = YES;
				CLANG_WARN__DUPLICATE_METHOD_MATCH = YES;
				"CODE_SIGN_IDENTITY[sdk=iphoneos*]" = "iPhone Developer";
				COPY_PHASE_STRIP = NO;
				ENABLE_STRICT_OBJC_MSGSEND = YES;
				GCC_C_LANGUAGE_STANDARD = gnu99;
				GCC_DYNAMIC_NO_PIC = NO;
				GCC_OPTIMIZATION_LEVEL = 0;
				GCC_PREPROCESSOR_DEFINITIONS = (
					"DEBUG=1",
					"$(inherited)",
				);
				GCC_SYMBOLS_PRIVATE_EXTERN = NO;
				GCC_WARN_64_TO_32_BIT_CONVERSION = YES;
				GCC_WARN_ABOUT_RETURN_TYPE = YES_ERROR;
				GCC_WARN_UNDECLARED_SELECTOR = YES;
				GCC_WARN_UNINITIALIZED_AUTOS = YES_AGGRESSIVE;
				GCC_WARN_UNUSED_FUNCTION = YES;
				GCC_WARN_UNUSED_VARIABLE = YES;
				IPHONEOS_DEPLOYMENT_TARGET = 8.1;
				MTL_ENABLE_DEBUG_INFO = YES;
				ONLY_ACTIVE_ARCH = YES;
				SDKROOT = iphoneos;
				TARGETED_DEVICE_FAMILY = "1,2";
			};
			name = Debug;
		};
		1A85DC401AE2228900C0FCBF /* Release */ = {
			isa = XCBuildConfiguration;
			buildSettings = {
				ALWAYS_SEARCH_USER_PATHS = NO;
				CLANG_CXX_LANGUAGE_STANDARD = "gnu++0x";
				CLANG_CXX_LIBRARY = "libc++";
				CLANG_ENABLE_MODULES = YES;
				CLANG_ENABLE_OBJC_ARC = YES;
				CLANG_WARN_BOOL_CONVERSION = YES;
				CLANG_WARN_CONSTANT_CONVERSION = YES;
				CLANG_WARN_DIRECT_OBJC_ISA_USAGE = YES_ERROR;
				CLANG_WARN_EMPTY_BODY = YES;
				CLANG_WARN_ENUM_CONVERSION = YES;
				CLANG_WARN_INT_CONVERSION = YES;
				CLANG_WARN_OBJC_ROOT_CLASS = YES_ERROR;
				CLANG_WARN_UNREACHABLE_CODE = YES;
				CLANG_WARN__DUPLICATE_METHOD_MATCH = YES;
				"CODE_SIGN_IDENTITY[sdk=iphoneos*]" = "iPhone Developer";
				COPY_PHASE_STRIP = YES;
				ENABLE_NS_ASSERTIONS = NO;
				ENABLE_STRICT_OBJC_MSGSEND = YES;
				GCC_C_LANGUAGE_STANDARD = gnu99;
				GCC_WARN_64_TO_32_BIT_CONVERSION = YES;
				GCC_WARN_ABOUT_RETURN_TYPE = YES_ERROR;
				GCC_WARN_UNDECLARED_SELECTOR = YES;
				GCC_WARN_UNINITIALIZED_AUTOS = YES_AGGRESSIVE;
				GCC_WARN_UNUSED_FUNCTION = YES;
				GCC_WARN_UNUSED_VARIABLE = YES;
				IPHONEOS_DEPLOYMENT_TARGET = 8.1;
				MTL_ENABLE_DEBUG_INFO = NO;
				SDKROOT = iphoneos;
				TARGETED_DEVICE_FAMILY = "1,2";
				VALIDATE_PRODUCT = YES;
			};
			name = Release;
		};
		1A85DC421AE2228900C0FCBF /* Debug */ = {
			isa = XCBuildConfiguration;
			buildSettings = {
				ASSETCATALOG_COMPILER_APPICON_NAME = AppIcon;
				INFOPLIST_FILE = april/Info.plist;
				LD_RUNPATH_SEARCH_PATHS = "$(inherited) @executable_path/Frameworks";
				PRODUCT_NAME = "$(TARGET_NAME)";
			};
			name = Debug;
		};
		1A85DC431AE2228900C0FCBF /* Release */ = {
			isa = XCBuildConfiguration;
			buildSettings = {
				ASSETCATALOG_COMPILER_APPICON_NAME = AppIcon;
				INFOPLIST_FILE = april/Info.plist;
				LD_RUNPATH_SEARCH_PATHS = "$(inherited) @executable_path/Frameworks";
				PRODUCT_NAME = "$(TARGET_NAME)";
			};
			name = Release;
		};
		1A85DC451AE2228900C0FCBF /* Debug */ = {
			isa = XCBuildConfiguration;
			buildSettings = {
				BUNDLE_LOADER = "$(TEST_HOST)";
				FRAMEWORK_SEARCH_PATHS = (
					"$(SDKROOT)/Developer/Library/Frameworks",
					"$(inherited)",
				);
				GCC_PREPROCESSOR_DEFINITIONS = (
					"DEBUG=1",
					"$(inherited)",
				);
				INFOPLIST_FILE = aprilTests/Info.plist;
				LD_RUNPATH_SEARCH_PATHS = "$(inherited) @executable_path/Frameworks @loader_path/Frameworks";
				PRODUCT_NAME = "$(TARGET_NAME)";
				TEST_HOST = "$(BUILT_PRODUCTS_DIR)/april.app/april";
			};
			name = Debug;
		};
		1A85DC461AE2228900C0FCBF /* Release */ = {
			isa = XCBuildConfiguration;
			buildSettings = {
				BUNDLE_LOADER = "$(TEST_HOST)";
				FRAMEWORK_SEARCH_PATHS = (
					"$(SDKROOT)/Developer/Library/Frameworks",
					"$(inherited)",
				);
				INFOPLIST_FILE = aprilTests/Info.plist;
				LD_RUNPATH_SEARCH_PATHS = "$(inherited) @executable_path/Frameworks @loader_path/Frameworks";
				PRODUCT_NAME = "$(TARGET_NAME)";
				TEST_HOST = "$(BUILT_PRODUCTS_DIR)/april.app/april";
			};
			name = Release;
		};
/* End XCBuildConfiguration section */

/* Begin XCConfigurationList section */
		1A85DC191AE2228900C0FCBF /* Build configuration list for PBXProject "april" */ = {
			isa = XCConfigurationList;
			buildConfigurations = (
				1A85DC3F1AE2228900C0FCBF /* Debug */,
				1A85DC401AE2228900C0FCBF /* Release */,
			);
			defaultConfigurationIsVisible = 0;
			defaultConfigurationName = Release;
		};
		1A85DC411AE2228900C0FCBF /* Build configuration list for PBXNativeTarget "april" */ = {
			isa = XCConfigurationList;
			buildConfigurations = (
				1A85DC421AE2228900C0FCBF /* Debug */,
				1A85DC431AE2228900C0FCBF /* Release */,
			);
			defaultConfigurationIsVisible = 0;
		};
		1A85DC441AE2228900C0FCBF /* Build configuration list for PBXNativeTarget "aprilTests" */ = {
			isa = XCConfigurationList;
			buildConfigurations = (
				1A85DC451AE2228900C0FCBF /* Debug */,
				1A85DC461AE2228900C0FCBF /* Release */,
			);
			defaultConfigurationIsVisible = 0;
		};
/* End XCConfigurationList section */
	};
	rootObject = 1A85DC161AE2228900C0FCBF /* Project object */;
}
